
Microsoft Visual Studio Solution File, Format Version 12.00
# Visual Studio Version 17
VisualStudioVersion = 17.3.32804.467
MinimumVisualStudioVersion = 10.0.40219.1
Project("{FAE04EC0-301F-11D3-BF4B-00C04F79EFBC}") = "DoW Mod Manager", "DoW Mod Manager\DoW Mod Manager.csproj", "{071DFF9E-1A7F-4F94-A1CE-4B5CB931D8EE}"
EndProject
Project("{8BC9CEB8-8B4A-11D0-8D11-00A0C91BC942}") = "UNI_EXT", "UNI_EXT\UNI_EXT.vcxproj", "{67138EE0-0823-4524-9453-4E9892296669}"
EndProject
Global
	GlobalSection(SolutionConfigurationPlatforms) = preSolution
		Debug|Any CPU = Debug|Any CPU
		Debug|x64 = Debug|x64
		Debug|x86 = Debug|x86
		Release|Any CPU = Release|Any CPU
		Release|x64 = Release|x64
		Release|x86 = Release|x86
	EndGlobalSection
	GlobalSection(ProjectConfigurationPlatforms) = postSolution
		{071DFF9E-1A7F-4F94-A1CE-4B5CB931D8EE}.Debug|Any CPU.ActiveCfg = Debug|Any CPU
		{071DFF9E-1A7F-4F94-A1CE-4B5CB931D8EE}.Debug|Any CPU.Build.0 = Debug|Any CPU
		{071DFF9E-1A7F-4F94-A1CE-4B5CB931D8EE}.Debug|x64.ActiveCfg = Debug|Any CPU
		{071DFF9E-1A7F-4F94-A1CE-4B5CB931D8EE}.Debug|x64.Build.0 = Debug|Any CPU
		{071DFF9E-1A7F-4F94-A1CE-4B5CB931D8EE}.Debug|x86.ActiveCfg = Debug|Any CPU
		{071DFF9E-1A7F-4F94-A1CE-4B5CB931D8EE}.Debug|x86.Build.0 = Debug|Any CPU
		{071DFF9E-1A7F-4F94-A1CE-4B5CB931D8EE}.Release|Any CPU.ActiveCfg = Release|Any CPU
		{071DFF9E-1A7F-4F94-A1CE-4B5CB931D8EE}.Release|Any CPU.Build.0 = Release|Any CPU
		{071DFF9E-1A7F-4F94-A1CE-4B5CB931D8EE}.Release|x64.ActiveCfg = Release|Any CPU
		{071DFF9E-1A7F-4F94-A1CE-4B5CB931D8EE}.Release|x64.Build.0 = Release|Any CPU
		{071DFF9E-1A7F-4F94-A1CE-4B5CB931D8EE}.Release|x86.ActiveCfg = Release|Any CPU
		{071DFF9E-1A7F-4F94-A1CE-4B5CB931D8EE}.Release|x86.Build.0 = Release|Any CPU
		{67138EE0-0823-4524-9453-4E9892296669}.Debug|Any CPU.ActiveCfg = Debug|Win32
		{67138EE0-0823-4524-9453-4E9892296669}.Debug|x64.ActiveCfg = Debug|x64
		{67138EE0-0823-4524-9453-4E9892296669}.Debug|x64.Build.0 = Debug|x64
		{67138EE0-0823-4524-9453-4E9892296669}.Debug|x86.ActiveCfg = Debug|Win32
		{67138EE0-0823-4524-9453-4E9892296669}.Debug|x86.Build.0 = Debug|Win32
		{67138EE0-0823-4524-9453-4E9892296669}.Release|Any CPU.ActiveCfg = Release|Win32
		{67138EE0-0823-4524-9453-4E9892296669}.Release|Any CPU.Build.0 = Release|Win32
		{67138EE0-0823-4524-9453-4E9892296669}.Release|x64.ActiveCfg = Release|x64
		{67138EE0-0823-4524-9453-4E9892296669}.Release|x64.Build.0 = Release|x64
		{67138EE0-0823-4524-9453-4E9892296669}.Release|x86.ActiveCfg = Release|Win32
		{67138EE0-0823-4524-9453-4E9892296669}.Release|x86.Build.0 = Release|Win32
	EndGlobalSection
	GlobalSection(SolutionProperties) = preSolution
		HideSolutionNode = FALSE
	EndGlobalSection
	GlobalSection(ExtensibilityGlobals) = postSolution
		SolutionGuid = {444B1719-F0CD-4134-83B8-125793760B5E}
	EndGlobalSection
EndGlobal
